// !$*UTF8*$!
{
	archiveVersion = 1;
	classes = {
	};
	objectVersion = 46;
	objects = {

/* Begin PBXBuildFile section */
		2D10662C1E35A4A0002812EF /* CWNavigationController.m in Sources */ = {isa = PBXBuildFile; fileRef = 2D10662B1E35A4A0002812EF /* CWNavigationController.m */; };
		2D10662F1E35A51A002812EF /* CWTabBarViewController.m in Sources */ = {isa = PBXBuildFile; fileRef = 2D10662E1E35A51A002812EF /* CWTabBarViewController.m */; };
		2D1066321E35A55E002812EF /* BaseViewController.m in Sources */ = {isa = PBXBuildFile; fileRef = 2D1066311E35A55E002812EF /* BaseViewController.m */; };
		2D1066351E35A571002812EF /* CWViewController.m in Sources */ = {isa = PBXBuildFile; fileRef = 2D1066341E35A571002812EF /* CWViewController.m */; };
		2D69FD5A1E359AAC00051DB1 /* CWEncode.m in Sources */ = {isa = PBXBuildFile; fileRef = 2D69FD571E359AAC00051DB1 /* CWEncode.m */; };
		2D69FD5B1E359AAC00051DB1 /* CWEncrypt.m in Sources */ = {isa = PBXBuildFile; fileRef = 2D69FD591E359AAC00051DB1 /* CWEncrypt.m */; };
		2D69FD631E359AF800051DB1 /* CWUtils.m in Sources */ = {isa = PBXBuildFile; fileRef = 2D69FD621E359AF800051DB1 /* CWUtils.m */; };
		2D69FD691E359B8100051DB1 /* CWPathManager.m in Sources */ = {isa = PBXBuildFile; fileRef = 2D69FD681E359B8100051DB1 /* CWPathManager.m */; };
		2D6F2F411E31A03F004A1182 /* CWView.m in Sources */ = {isa = PBXBuildFile; fileRef = 2D6F2F401E31A03F004A1182 /* CWView.m */; };
		2D818A701E2871DB00C165F0 /* main.m in Sources */ = {isa = PBXBuildFile; fileRef = 2D818A6F1E2871DB00C165F0 /* main.m */; };
		2D818A731E2871DB00C165F0 /* AppDelegate.m in Sources */ = {isa = PBXBuildFile; fileRef = 2D818A721E2871DB00C165F0 /* AppDelegate.m */; };
		2D818A7B1E2871DB00C165F0 /* Assets.xcassets in Resources */ = {isa = PBXBuildFile; fileRef = 2D818A7A1E2871DB00C165F0 /* Assets.xcassets */; };
		2D818A7E1E2871DB00C165F0 /* LaunchScreen.storyboard in Resources */ = {isa = PBXBuildFile; fileRef = 2D818A7C1E2871DB00C165F0 /* LaunchScreen.storyboard */; };
/* End PBXBuildFile section */

/* Begin PBXFileReference section */
		2D10662A1E35A4A0002812EF /* CWNavigationController.h */ = {isa = PBXFileReference; fileEncoding = 4; lastKnownFileType = sourcecode.c.h; path = CWNavigationController.h; sourceTree = "<group>"; };
		2D10662B1E35A4A0002812EF /* CWNavigationController.m */ = {isa = PBXFileReference; fileEncoding = 4; lastKnownFileType = sourcecode.c.objc; path = CWNavigationController.m; sourceTree = "<group>"; };
		2D10662D1E35A51A002812EF /* CWTabBarViewController.h */ = {isa = PBXFileReference; fileEncoding = 4; lastKnownFileType = sourcecode.c.h; path = CWTabBarViewController.h; sourceTree = "<group>"; };
		2D10662E1E35A51A002812EF /* CWTabBarViewController.m */ = {isa = PBXFileReference; fileEncoding = 4; lastKnownFileType = sourcecode.c.objc; path = CWTabBarViewController.m; sourceTree = "<group>"; };
		2D1066301E35A55E002812EF /* BaseViewController.h */ = {isa = PBXFileReference; fileEncoding = 4; lastKnownFileType = sourcecode.c.h; path = BaseViewController.h; sourceTree = "<group>"; };
		2D1066311E35A55E002812EF /* BaseViewController.m */ = {isa = PBXFileReference; fileEncoding = 4; lastKnownFileType = sourcecode.c.objc; path = BaseViewController.m; sourceTree = "<group>"; };
		2D1066331E35A571002812EF /* CWViewController.h */ = {isa = PBXFileReference; fileEncoding = 4; lastKnownFileType = sourcecode.c.h; path = CWViewController.h; sourceTree = "<group>"; };
		2D1066341E35A571002812EF /* CWViewController.m */ = {isa = PBXFileReference; fileEncoding = 4; lastKnownFileType = sourcecode.c.objc; path = CWViewController.m; sourceTree = "<group>"; };
		2D69FD561E359AAC00051DB1 /* CWEncode.h */ = {isa = PBXFileReference; fileEncoding = 4; lastKnownFileType = sourcecode.c.h; path = CWEncode.h; sourceTree = "<group>"; };
		2D69FD571E359AAC00051DB1 /* CWEncode.m */ = {isa = PBXFileReference; fileEncoding = 4; lastKnownFileType = sourcecode.c.objc; path = CWEncode.m; sourceTree = "<group>"; };
		2D69FD581E359AAC00051DB1 /* CWEncrypt.h */ = {isa = PBXFileReference; fileEncoding = 4; lastKnownFileType = sourcecode.c.h; path = CWEncrypt.h; sourceTree = "<group>"; };
		2D69FD591E359AAC00051DB1 /* CWEncrypt.m */ = {isa = PBXFileReference; fileEncoding = 4; lastKnownFileType = sourcecode.c.objc; path = CWEncrypt.m; sourceTree = "<group>"; };
		2D69FD611E359AF800051DB1 /* CWUtils.h */ = {isa = PBXFileReference; fileEncoding = 4; lastKnownFileType = sourcecode.c.h; path = CWUtils.h; sourceTree = "<group>"; };
		2D69FD621E359AF800051DB1 /* CWUtils.m */ = {isa = PBXFileReference; fileEncoding = 4; lastKnownFileType = sourcecode.c.objc; path = CWUtils.m; sourceTree = "<group>"; };
		2D69FD671E359B8100051DB1 /* CWPathManager.h */ = {isa = PBXFileReference; fileEncoding = 4; lastKnownFileType = sourcecode.c.h; path = CWPathManager.h; sourceTree = "<group>"; };
		2D69FD681E359B8100051DB1 /* CWPathManager.m */ = {isa = PBXFileReference; fileEncoding = 4; lastKnownFileType = sourcecode.c.objc; path = CWPathManager.m; sourceTree = "<group>"; };
		2D6F2F3F1E31A03F004A1182 /* CWView.h */ = {isa = PBXFileReference; fileEncoding = 4; lastKnownFileType = sourcecode.c.h; path = CWView.h; sourceTree = "<group>"; };
		2D6F2F401E31A03F004A1182 /* CWView.m */ = {isa = PBXFileReference; fileEncoding = 4; lastKnownFileType = sourcecode.c.objc; path = CWView.m; sourceTree = "<group>"; };
		2D818A6B1E2871DB00C165F0 /* libDemo.app */ = {isa = PBXFileReference; explicitFileType = wrapper.application; includeInIndex = 0; path = libDemo.app; sourceTree = BUILT_PRODUCTS_DIR; };
		2D818A6F1E2871DB00C165F0 /* main.m */ = {isa = PBXFileReference; lastKnownFileType = sourcecode.c.objc; path = main.m; sourceTree = "<group>"; };
		2D818A711E2871DB00C165F0 /* AppDelegate.h */ = {isa = PBXFileReference; lastKnownFileType = sourcecode.c.h; path = AppDelegate.h; sourceTree = "<group>"; };
		2D818A721E2871DB00C165F0 /* AppDelegate.m */ = {isa = PBXFileReference; lastKnownFileType = sourcecode.c.objc; path = AppDelegate.m; sourceTree = "<group>"; };
		2D818A7A1E2871DB00C165F0 /* Assets.xcassets */ = {isa = PBXFileReference; lastKnownFileType = folder.assetcatalog; path = Assets.xcassets; sourceTree = "<group>"; };
		2D818A7D1E2871DB00C165F0 /* Base */ = {isa = PBXFileReference; lastKnownFileType = file.storyboard; name = Base; path = Base.lproj/LaunchScreen.storyboard; sourceTree = "<group>"; };
		2D818A7F1E2871DB00C165F0 /* Info.plist */ = {isa = PBXFileReference; lastKnownFileType = text.plist.xml; path = Info.plist; sourceTree = "<group>"; };
/* End PBXFileReference section */

/* Begin PBXFrameworksBuildPhase section */
		2D818A681E2871DB00C165F0 /* Frameworks */ = {
			isa = PBXFrameworksBuildPhase;
			buildActionMask = 2147483647;
			files = (
			);
			runOnlyForDeploymentPostprocessing = 0;
		};
/* End PBXFrameworksBuildPhase section */

/* Begin PBXGroup section */
		2D1066271E35A407002812EF /* ViewController */ = {
			isa = PBXGroup;
			children = (
				2D1066331E35A571002812EF /* CWViewController.h */,
				2D1066341E35A571002812EF /* CWViewController.m */,
				2D1066301E35A55E002812EF /* BaseViewController.h */,
				2D1066311E35A55E002812EF /* BaseViewController.m */,
			);
			path = ViewController;
			sourceTree = "<group>";
		};
		2D1066281E35A430002812EF /* View */ = {
			isa = PBXGroup;
			children = (
			);
			path = View;
			sourceTree = "<group>";
		};
		2D1066291E35A464002812EF /* Navigation */ = {
			isa = PBXGroup;
			children = (
				2D10662A1E35A4A0002812EF /* CWNavigationController.h */,
				2D10662B1E35A4A0002812EF /* CWNavigationController.m */,
				2D10662D1E35A51A002812EF /* CWTabBarViewController.h */,
				2D10662E1E35A51A002812EF /* CWTabBarViewController.m */,
			);
			path = Navigation;
			sourceTree = "<group>";
		};
		2D36FDBA1E31F90200634E6F /* Common */ = {
			isa = PBXGroup;
			children = (
				2D69FD6A1E359BA800051DB1 /* Category */,
				2D69FD601E359AF800051DB1 /* Utils */,
				2D69FD551E359AAC00051DB1 /* Encrypt */,
			);
			path = Common;
			sourceTree = "<group>";
		};
		2D69FD551E359AAC00051DB1 /* Encrypt */ = {
			isa = PBXGroup;
			children = (
				2D69FD561E359AAC00051DB1 /* CWEncode.h */,
				2D69FD571E359AAC00051DB1 /* CWEncode.m */,
				2D69FD581E359AAC00051DB1 /* CWEncrypt.h */,
				2D69FD591E359AAC00051DB1 /* CWEncrypt.m */,
			);
			path = Encrypt;
			sourceTree = "<group>";
		};
		2D69FD601E359AF800051DB1 /* Utils */ = {
			isa = PBXGroup;
			children = (
				2D69FD611E359AF800051DB1 /* CWUtils.h */,
				2D69FD621E359AF800051DB1 /* CWUtils.m */,
			);
			path = Utils;
			sourceTree = "<group>";
		};
		2D69FD651E359B6400051DB1 /* Manager */ = {
			isa = PBXGroup;
			children = (
				2D69FD661E359B8100051DB1 /* PathManager */,
			);
			path = Manager;
			sourceTree = "<group>";
		};
		2D69FD661E359B8100051DB1 /* PathManager */ = {
			isa = PBXGroup;
			children = (
				2D69FD671E359B8100051DB1 /* CWPathManager.h */,
				2D69FD681E359B8100051DB1 /* CWPathManager.m */,
			);
			path = PathManager;
			sourceTree = "<group>";
		};
		2D69FD6A1E359BA800051DB1 /* Category */ = {
			isa = PBXGroup;
			children = (
			);
			path = Category;
			sourceTree = "<group>";
		};
		2D6F2F3E1E31A02A004A1182 /* Test */ = {
			isa = PBXGroup;
			children = (
				2D6F2F3F1E31A03F004A1182 /* CWView.h */,
				2D6F2F401E31A03F004A1182 /* CWView.m */,
			);
			path = Test;
			sourceTree = "<group>";
		};
		2D818A621E2871DB00C165F0 = {
			isa = PBXGroup;
			children = (
				2D818A6D1E2871DB00C165F0 /* libDemo */,
				2D818A6C1E2871DB00C165F0 /* Products */,
			);
			sourceTree = "<group>";
		};
		2D818A6C1E2871DB00C165F0 /* Products */ = {
			isa = PBXGroup;
			children = (
				2D818A6B1E2871DB00C165F0 /* libDemo.app */,
			);
			name = Products;
			sourceTree = "<group>";
		};
		2D818A6D1E2871DB00C165F0 /* libDemo */ = {
			isa = PBXGroup;
			children = (
				2D6F2F3E1E31A02A004A1182 /* Test */,
				2D1066291E35A464002812EF /* Navigation */,
				2D1066271E35A407002812EF /* ViewController */,
				2D1066281E35A430002812EF /* View */,
				2D36FDBA1E31F90200634E6F /* Common */,
				2D69FD651E359B6400051DB1 /* Manager */,
				2D818A711E2871DB00C165F0 /* AppDelegate.h */,
				2D818A721E2871DB00C165F0 /* AppDelegate.m */,
				2D818A7A1E2871DB00C165F0 /* Assets.xcassets */,
				2D818A7C1E2871DB00C165F0 /* LaunchScreen.storyboard */,
				2D818A7F1E2871DB00C165F0 /* Info.plist */,
				2D818A6E1E2871DB00C165F0 /* Supporting Files */,
			);
			path = libDemo;
			sourceTree = "<group>";
		};
		2D818A6E1E2871DB00C165F0 /* Supporting Files */ = {
			isa = PBXGroup;
			children = (
				2D818A6F1E2871DB00C165F0 /* main.m */,
			);
			name = "Supporting Files";
			sourceTree = "<group>";
		};
/* End PBXGroup section */

/* Begin PBXNativeTarget section */
		2D818A6A1E2871DB00C165F0 /* libDemo */ = {
			isa = PBXNativeTarget;
			buildConfigurationList = 2D818A821E2871DB00C165F0 /* Build configuration list for PBXNativeTarget "libDemo" */;
			buildPhases = (
				2D818A671E2871DB00C165F0 /* Sources */,
				2D818A681E2871DB00C165F0 /* Frameworks */,
				2D818A691E2871DB00C165F0 /* Resources */,
			);
			buildRules = (
			);
			dependencies = (
			);
			name = libDemo;
			productName = libDemo;
			productReference = 2D818A6B1E2871DB00C165F0 /* libDemo.app */;
			productType = "com.apple.product-type.application";
		};
/* End PBXNativeTarget section */

/* Begin PBXProject section */
		2D818A631E2871DB00C165F0 /* Project object */ = {
			isa = PBXProject;
			attributes = {
				LastUpgradeCheck = 0810;
				ORGANIZATIONNAME = wangcw;
				TargetAttributes = {
					2D818A6A1E2871DB00C165F0 = {
						CreatedOnToolsVersion = 8.1;
						ProvisioningStyle = Automatic;
					};
				};
			};
			buildConfigurationList = 2D818A661E2871DB00C165F0 /* Build configuration list for PBXProject "libDemo" */;
			compatibilityVersion = "Xcode 3.2";
			developmentRegion = English;
			hasScannedForEncodings = 0;
			knownRegions = (
				en,
				Base,
			);
			mainGroup = 2D818A621E2871DB00C165F0;
			productRefGroup = 2D818A6C1E2871DB00C165F0 /* Products */;
			projectDirPath = "";
			projectRoot = "";
			targets = (
				2D818A6A1E2871DB00C165F0 /* libDemo */,
			);
		};
/* End PBXProject section */

/* Begin PBXResourcesBuildPhase section */
		2D818A691E2871DB00C165F0 /* Resources */ = {
			isa = PBXResourcesBuildPhase;
			buildActionMask = 2147483647;
			files = (
				2D818A7E1E2871DB00C165F0 /* LaunchScreen.storyboard in Resources */,
				2D818A7B1E2871DB00C165F0 /* Assets.xcassets in Resources */,
			);
			runOnlyForDeploymentPostprocessing = 0;
		};
/* End PBXResourcesBuildPhase section */

/* Begin PBXSourcesBuildPhase section */
		2D818A671E2871DB00C165F0 /* Sources */ = {
			isa = PBXSourcesBuildPhase;
			buildActionMask = 2147483647;
			files = (
				2D1066351E35A571002812EF /* CWViewController.m in Sources */,
				2D10662F1E35A51A002812EF /* CWTabBarViewController.m in Sources */,
				2D1066321E35A55E002812EF /* BaseViewController.m in Sources */,
				2D69FD5A1E359AAC00051DB1 /* CWEncode.m in Sources */,
				2D818A731E2871DB00C165F0 /* AppDelegate.m in Sources */,
				2D69FD5B1E359AAC00051DB1 /* CWEncrypt.m in Sources */,
				2D69FD691E359B8100051DB1 /* CWPathManager.m in Sources */,
				2D818A701E2871DB00C165F0 /* main.m in Sources */,
				2D6F2F411E31A03F004A1182 /* CWView.m in Sources */,
				2D10662C1E35A4A0002812EF /* CWNavigationController.m in Sources */,
				2D69FD631E359AF800051DB1 /* CWUtils.m in Sources */,
			);
			runOnlyForDeploymentPostprocessing = 0;
		};
/* End PBXSourcesBuildPhase section */

/* Begin PBXVariantGroup section */
		2D818A7C1E2871DB00C165F0 /* LaunchScreen.storyboard */ = {
			isa = PBXVariantGroup;
			children = (
				2D818A7D1E2871DB00C165F0 /* Base */,
			);
			name = LaunchScreen.storyboard;
			sourceTree = "<group>";
		};
/* End PBXVariantGroup section */

/* Begin XCBuildConfiguration section */
		2D818A801E2871DB00C165F0 /* Debug */ = {
			isa = XCBuildConfiguration;
			buildSettings = {
				ALWAYS_SEARCH_USER_PATHS = NO;
				CLANG_ANALYZER_NONNULL = YES;
				CLANG_CXX_LANGUAGE_STANDARD = "gnu++0x";
				CLANG_CXX_LIBRARY = "libc++";
				CLANG_ENABLE_MODULES = YES;
				CLANG_ENABLE_OBJC_ARC = YES;
				CLANG_WARN_BOOL_CONVERSION = YES;
				CLANG_WARN_CONSTANT_CONVERSION = YES;
				CLANG_WARN_DIRECT_OBJC_ISA_USAGE = YES_ERROR;
				CLANG_WARN_DOCUMENTATION_COMMENTS = YES;
				CLANG_WARN_EMPTY_BODY = YES;
				CLANG_WARN_ENUM_CONVERSION = YES;
				CLANG_WARN_INFINITE_RECURSION = YES;
				CLANG_WARN_INT_CONVERSION = YES;
				CLANG_WARN_OBJC_ROOT_CLASS = YES_ERROR;
				CLANG_WARN_SUSPICIOUS_MOVES = YES;
				CLANG_WARN_UNREACHABLE_CODE = YES;
				CLANG_WARN__DUPLICATE_METHOD_MATCH = YES;
				"CODE_SIGN_IDENTITY[sdk=iphoneos*]" = "iPhone Developer";
				COPY_PHASE_STRIP = NO;
				DEBUG_INFORMATION_FORMAT = dwarf;
				ENABLE_STRICT_OBJC_MSGSEND = YES;
				ENABLE_TESTABILITY = YES;
				GCC_C_LANGUAGE_STANDARD = gnu99;
				GCC_DYNAMIC_NO_PIC = NO;
				GCC_NO_COMMON_BLOCKS = YES;
				GCC_OPTIMIZATION_LEVEL = 0;
				GCC_PREPROCESSOR_DEFINITIONS = (
					"DEBUG=1",
					"$(inherited)",
				);
				GCC_WARN_64_TO_32_BIT_CONVERSION = YES;
				GCC_WARN_ABOUT_RETURN_TYPE = YES_ERROR;
				GCC_WARN_UNDECLARED_SELECTOR = YES;
				GCC_WARN_UNINITIALIZED_AUTOS = YES_AGGRESSIVE;
				GCC_WARN_UNUSED_FUNCTION = YES;
				GCC_WARN_UNUSED_VARIABLE = YES;
				IPHONEOS_DEPLOYMENT_TARGET = 10.1;
				MTL_ENABLE_DEBUG_INFO = YES;
				ONLY_ACTIVE_ARCH = YES;
				SDKROOT = iphoneos;
			};
			name = Debug;
		};
		2D818A811E2871DB00C165F0 /* Release */ = {
			isa = XCBuildConfiguration;
			buildSettings = {
				ALWAYS_SEARCH_USER_PATHS = NO;
				CLANG_ANALYZER_NONNULL = YES;
				CLANG_CXX_LANGUAGE_STANDARD = "gnu++0x";
				CLANG_CXX_LIBRARY = "libc++";
				CLANG_ENABLE_MODULES = YES;
				CLANG_ENABLE_OBJC_ARC = YES;
				CLANG_WARN_BOOL_CONVERSION = YES;
				CLANG_WARN_CONSTANT_CONVERSION = YES;
				CLANG_WARN_DIRECT_OBJC_ISA_USAGE = YES_ERROR;
				CLANG_WARN_DOCUMENTATION_COMMENTS = YES;
				CLANG_WARN_EMPTY_BODY = YES;
				CLANG_WARN_ENUM_CONVERSION = YES;
				CLANG_WARN_INFINITE_RECURSION = YES;
				CLANG_WARN_INT_CONVERSION = YES;
				CLANG_WARN_OBJC_ROOT_CLASS = YES_ERROR;
				CLANG_WARN_SUSPICIOUS_MOVES = YES;
				CLANG_WARN_UNREACHABLE_CODE = YES;
				CLANG_WARN__DUPLICATE_METHOD_MATCH = YES;
				"CODE_SIGN_IDENTITY[sdk=iphoneos*]" = "iPhone Developer";
				COPY_PHASE_STRIP = NO;
				DEBUG_INFORMATION_FORMAT = "dwarf-with-dsym";
				ENABLE_NS_ASSERTIONS = NO;
				ENABLE_STRICT_OBJC_MSGSEND = YES;
				GCC_C_LANGUAGE_STANDARD = gnu99;
				GCC_NO_COMMON_BLOCKS = YES;
				GCC_WARN_64_TO_32_BIT_CONVERSION = YES;
				GCC_WARN_ABOUT_RETURN_TYPE = YES_ERROR;
				GCC_WARN_UNDECLARED_SELECTOR = YES;
				GCC_WARN_UNINITIALIZED_AUTOS = YES_AGGRESSIVE;
				GCC_WARN_UNUSED_FUNCTION = YES;
				GCC_WARN_UNUSED_VARIABLE = YES;
				IPHONEOS_DEPLOYMENT_TARGET = 10.1;
				MTL_ENABLE_DEBUG_INFO = NO;
				SDKROOT = iphoneos;
				VALIDATE_PRODUCT = YES;
			};
			name = Release;
		};
		2D818A831E2871DB00C165F0 /* Debug */ = {
			isa = XCBuildConfiguration;
			buildSettings = {
				ASSETCATALOG_COMPILER_APPICON_NAME = AppIcon;
				INFOPLIST_FILE = libDemo/Info.plist;
				LD_RUNPATH_SEARCH_PATHS = "$(inherited) @executable_path/Frameworks";
				PRODUCT_BUNDLE_IDENTIFIER = com.wcw.libDemo;
				PRODUCT_NAME = "$(TARGET_NAME)";
			};
			name = Debug;
		};
		2D818A841E2871DB00C165F0 /* Release */ = {
			isa = XCBuildConfiguration;
			buildSettings = {
				ASSETCATALOG_COMPILER_APPICON_NAME = AppIcon;
				INFOPLIST_FILE = libDemo/Info.plist;
				LD_RUNPATH_SEARCH_PATHS = "$(inherited) @executable_path/Frameworks";
				PRODUCT_BUNDLE_IDENTIFIER = com.wcw.libDemo;
				PRODUCT_NAME = "$(TARGET_NAME)";
			};
			name = Release;
		};
/* End XCBuildConfiguration section */

/* Begin XCConfigurationList section */
		2D818A661E2871DB00C165F0 /* Build configuration list for PBXProject "libDemo" */ = {
			isa = XCConfigurationList;
			buildConfigurations = (
				2D818A801E2871DB00C165F0 /* Debug */,
				2D818A811E2871DB00C165F0 /* Release */,
			);
			defaultConfigurationIsVisible = 0;
			defaultConfigurationName = Release;
		};
		2D818A821E2871DB00C165F0 /* Build configuration list for PBXNativeTarget "libDemo" */ = {
			isa = XCConfigurationList;
			buildConfigurations = (
				2D818A831E2871DB00C165F0 /* Debug */,
				2D818A841E2871DB00C165F0 /* Release */,
			);
			defaultConfigurationIsVisible = 0;
			defaultConfigurationName = Release;
		};
/* End XCConfigurationList section */
	};
	rootObject = 2D818A631E2871DB00C165F0 /* Project object */;
}
